
Microsoft Visual Studio Solution File, Format Version 12.00
# Visual Studio Version 17
VisualStudioVersion = 17.3.32825.248
MinimumVisualStudioVersion = 10.0.40219.1
Project("{FAE04EC0-301F-11D3-BF4B-00C04F79EFBC}") = "Hehe", "Hehe\Hehe.csproj", "{A8AE6EFF-E106-4FC5-88DF-88E50868F703}"
EndProject
Global
	GlobalSection(SolutionConfigurationPlatforms) = preSolution
		Debug|Any CPU = Debug|Any CPU
		Release|Any CPU = Release|Any CPU
	EndGlobalSection
	GlobalSection(ProjectConfigurationPlatforms) = postSolution
		{A8AE6EFF-E106-4FC5-88DF-88E50868F703}.Debug|Any CPU.ActiveCfg = Debug|Any CPU
		{A8AE6EFF-E106-4FC5-88DF-88E50868F703}.Debug|Any CPU.Build.0 = Debug|Any CPU
		{A8AE6EFF-E106-4FC5-88DF-88E50868F703}.Release|Any CPU.ActiveCfg = Release|Any CPU
		{A8AE6EFF-E106-4FC5-88DF-88E50868F703}.Release|Any CPU.Build.0 = Release|Any CPU
	EndGlobalSection
	GlobalSection(SolutionProperties) = preSolution
		HideSolutionNode = FALSE
	EndGlobalSection
	GlobalSection(ExtensibilityGlobals) = postSolution
		SolutionGuid = {B6AF8F8B-6635-453C-9CAC-2F0B66DC5DE3}
	EndGlobalSection
EndGlobal
